
Microsoft Visual Studio Solution File, Format Version 12.00
# Visual Studio Version 16
VisualStudioVersion = 16.0.31129.286
MinimumVisualStudioVersion = 10.0.40219.1
Project("{FAE04EC0-301F-11D3-BF4B-00C04F79EFBC}") = "MassTransitStarted.Contracts", "src\MassTransitStarted.Contracts\MassTransitStarted.Contracts.csproj", "{1BB4D4EE-B7D7-40AD-883F-47299E30D162}"
EndProject
Project("{FAE04EC0-301F-11D3-BF4B-00C04F79EFBC}") = "MassTransitStarted.Components", "src\MassTransitStarted.Components\MassTransitStarted.Components.csproj", "{56C026B3-A6F7-4AF8-B1B1-2BAE10DE04BC}"
EndProject
Project("{FAE04EC0-301F-11D3-BF4B-00C04F79EFBC}") = "MassTransitStarted.Api", "src\MassTransitStarted.Api\MassTransitStarted.Api.csproj", "{9001A981-1EB6-4903-9F32-2F2F2C907E7C}"
EndProject
Global
	GlobalSection(SolutionConfigurationPlatforms) = preSolution
		Debug|Any CPU = Debug|Any CPU
		Release|Any CPU = Release|Any CPU
	EndGlobalSection
	GlobalSection(ProjectConfigurationPlatforms) = postSolution
		{1BB4D4EE-B7D7-40AD-883F-47299E30D162}.Debug|Any CPU.ActiveCfg = Debug|Any CPU
		{1BB4D4EE-B7D7-40AD-883F-47299E30D162}.Debug|Any CPU.Build.0 = Debug|Any CPU
		{1BB4D4EE-B7D7-40AD-883F-47299E30D162}.Release|Any CPU.ActiveCfg = Release|Any CPU
		{1BB4D4EE-B7D7-40AD-883F-47299E30D162}.Release|Any CPU.Build.0 = Release|Any CPU
		{56C026B3-A6F7-4AF8-B1B1-2BAE10DE04BC}.Debug|Any CPU.ActiveCfg = Debug|Any CPU
		{56C026B3-A6F7-4AF8-B1B1-2BAE10DE04BC}.Debug|Any CPU.Build.0 = Debug|Any CPU
		{56C026B3-A6F7-4AF8-B1B1-2BAE10DE04BC}.Release|Any CPU.ActiveCfg = Release|Any CPU
		{56C026B3-A6F7-4AF8-B1B1-2BAE10DE04BC}.Release|Any CPU.Build.0 = Release|Any CPU
		{9001A981-1EB6-4903-9F32-2F2F2C907E7C}.Debug|Any CPU.ActiveCfg = Debug|Any CPU
		{9001A981-1EB6-4903-9F32-2F2F2C907E7C}.Debug|Any CPU.Build.0 = Debug|Any CPU
		{9001A981-1EB6-4903-9F32-2F2F2C907E7C}.Release|Any CPU.ActiveCfg = Release|Any CPU
		{9001A981-1EB6-4903-9F32-2F2F2C907E7C}.Release|Any CPU.Build.0 = Release|Any CPU
	EndGlobalSection
	GlobalSection(SolutionProperties) = preSolution
		HideSolutionNode = FALSE
	EndGlobalSection
	GlobalSection(ExtensibilityGlobals) = postSolution
		SolutionGuid = {535DA9CF-CA38-486F-A289-AD0EB25AFE2A}
	EndGlobalSection
EndGlobal
